
Microsoft Visual Studio Solution File, Format Version 12.00
# Visual Studio Version 16
VisualStudioVersion = 16.0.32106.194
MinimumVisualStudioVersion = 10.0.40219.1
Project("{FAE04EC0-301F-11D3-BF4B-00C04F79EFBC}") = "AppScan.Utility", "AppScan.Utility\AppScan.Utility.csproj", "{7F023D98-9A54-432B-9453-06B99C335FBA}"
EndProject
Global
	GlobalSection(SolutionConfigurationPlatforms) = preSolution
		Debug|Any CPU = Debug|Any CPU
		Release|Any CPU = Release|Any CPU
	EndGlobalSection
	GlobalSection(ProjectConfigurationPlatforms) = postSolution
		{7F023D98-9A54-432B-9453-06B99C335FBA}.Debug|Any CPU.ActiveCfg = Debug|Any CPU
		{7F023D98-9A54-432B-9453-06B99C335FBA}.Debug|Any CPU.Build.0 = Debug|Any CPU
		{7F023D98-9A54-432B-9453-06B99C335FBA}.Release|Any CPU.ActiveCfg = Release|Any CPU
		{7F023D98-9A54-432B-9453-06B99C335FBA}.Release|Any CPU.Build.0 = Release|Any CPU
	EndGlobalSection
	GlobalSection(SolutionProperties) = preSolution
		HideSolutionNode = FALSE
	EndGlobalSection
	GlobalSection(ExtensibilityGlobals) = postSolution
		SolutionGuid = {A2BE405C-163E-4B67-81C7-5FC4E0303F74}
	EndGlobalSection
EndGlobal
